// !$*UTF8*$!
{
	archiveVersion = 1;
	classes = {
	};
	objectVersion = 56;
	objects = {

/* Begin PBXBuildFile section */
		E82593AA2C7C73680020B8B3 /* MoviesTabBar+SetupColors.swift in Sources */ = {isa = PBXBuildFile; fileRef = E82593A92C7C73680020B8B3 /* MoviesTabBar+SetupColors.swift */; };
		E8303C5A2C7CDAAE005F8A2B /* MoviesTabBar.swift in Sources */ = {isa = PBXBuildFile; fileRef = E8303C592C7CDAAE005F8A2B /* MoviesTabBar.swift */; };
		E8303C5C2C7CDAC5005F8A2B /* MainView.swift in Sources */ = {isa = PBXBuildFile; fileRef = E8303C5B2C7CDAC5005F8A2B /* MainView.swift */; };
		E853D6AA2C7F570E00298CDA /* MoviesAPI.swift in Sources */ = {isa = PBXBuildFile; fileRef = E853D6A92C7F570E00298CDA /* MoviesAPI.swift */; };
		E853D6AF2C7F779400298CDA /* FavoritesHandler.swift in Sources */ = {isa = PBXBuildFile; fileRef = E853D6AE2C7F779400298CDA /* FavoritesHandler.swift */; };
		E853D6B12C7F79D500298CDA /* Movie+Hashable.swift in Sources */ = {isa = PBXBuildFile; fileRef = E853D6B02C7F79D500298CDA /* Movie+Hashable.swift */; };
		E88147DD2C7DD532002443BA /* RemoveFocusOnTapModifier.swift in Sources */ = {isa = PBXBuildFile; fileRef = E88147DC2C7DD532002443BA /* RemoveFocusOnTapModifier.swift */; };
		E88147E12C7DF617002443BA /* NetworkManager.swift in Sources */ = {isa = PBXBuildFile; fileRef = E88147E02C7DF617002443BA /* NetworkManager.swift */; };
		E88147E32C7DF7FD002443BA /* Category.swift in Sources */ = {isa = PBXBuildFile; fileRef = E88147E22C7DF7FD002443BA /* Category.swift */; };
		E88147E52C7DF869002443BA /* NetworkError.swift in Sources */ = {isa = PBXBuildFile; fileRef = E88147E42C7DF869002443BA /* NetworkError.swift */; };
		E88147E92C7DFE23002443BA /* FavoriteView.swift in Sources */ = {isa = PBXBuildFile; fileRef = E88147E82C7DFE23002443BA /* FavoriteView.swift */; };
		E88147EB2C7DFE46002443BA /* FavoriteCard.swift in Sources */ = {isa = PBXBuildFile; fileRef = E88147EA2C7DFE46002443BA /* FavoriteCard.swift */; };
		E88147ED2C7DFE6A002443BA /* StarsRatingView.swift in Sources */ = {isa = PBXBuildFile; fileRef = E88147EC2C7DFE6A002443BA /* StarsRatingView.swift */; };
		E8FDE0FC2C7783D800128E2A /* Peek_swiftUIApp.swift in Sources */ = {isa = PBXBuildFile; fileRef = E8FDE0FB2C7783D800128E2A /* Peek_swiftUIApp.swift */; };
		E8FDE1002C7783DA00128E2A /* Assets.xcassets in Resources */ = {isa = PBXBuildFile; fileRef = E8FDE0FF2C7783DA00128E2A /* Assets.xcassets */; };
		E8FDE1032C7783DA00128E2A /* Preview Assets.xcassets in Resources */ = {isa = PBXBuildFile; fileRef = E8FDE1022C7783DA00128E2A /* Preview Assets.xcassets */; };
		E8FDE10B2C7797A000128E2A /* LaunchScreen.storyboard in Resources */ = {isa = PBXBuildFile; fileRef = E8FDE10A2C7797A000128E2A /* LaunchScreen.storyboard */; };
		E8FDE1342C7A3A3200128E2A /* WelcomeBackTopView.swift in Sources */ = {isa = PBXBuildFile; fileRef = E8FDE1332C7A3A3200128E2A /* WelcomeBackTopView.swift */; };
		E8FDE1382C7A4AC900128E2A /* View+RemoveFocus.swift in Sources */ = {isa = PBXBuildFile; fileRef = E8FDE1372C7A4AC900128E2A /* View+RemoveFocus.swift */; };
		E8FDE13A2C7A4B4600128E2A /* SearchTextField.swift in Sources */ = {isa = PBXBuildFile; fileRef = E8FDE1392C7A4B4600128E2A /* SearchTextField.swift */; };
		E8FDE13C2C7A4C6200128E2A /* MovieCard.swift in Sources */ = {isa = PBXBuildFile; fileRef = E8FDE13B2C7A4C6200128E2A /* MovieCard.swift */; };
		E8FDE1432C7B12AE00128E2A /* Movie.swift in Sources */ = {isa = PBXBuildFile; fileRef = E8FDE1422C7B12AE00128E2A /* Movie.swift */; };
		E8FDE1452C7B133200128E2A /* Genre.swift in Sources */ = {isa = PBXBuildFile; fileRef = E8FDE1442C7B133200128E2A /* Genre.swift */; };
		E8FDE1472C7B139B00128E2A /* CategoryListView.swift in Sources */ = {isa = PBXBuildFile; fileRef = E8FDE1462C7B139B00128E2A /* CategoryListView.swift */; };
		E8FDE1492C7B1A5C00128E2A /* Constants.swift in Sources */ = {isa = PBXBuildFile; fileRef = E8FDE1482C7B1A5C00128E2A /* Constants.swift */; };
		E8FDE14B2C7B1C7F00128E2A /* MoviesResponse.swift in Sources */ = {isa = PBXBuildFile; fileRef = E8FDE14A2C7B1C7F00128E2A /* MoviesResponse.swift */; };
/* End PBXBuildFile section */

/* Begin PBXFileReference section */
		E82593A92C7C73680020B8B3 /* MoviesTabBar+SetupColors.swift */ = {isa = PBXFileReference; lastKnownFileType = sourcecode.swift; path = "MoviesTabBar+SetupColors.swift"; sourceTree = "<group>"; };
		E8303C592C7CDAAE005F8A2B /* MoviesTabBar.swift */ = {isa = PBXFileReference; lastKnownFileType = sourcecode.swift; path = MoviesTabBar.swift; sourceTree = "<group>"; };
		E8303C5B2C7CDAC5005F8A2B /* MainView.swift */ = {isa = PBXFileReference; lastKnownFileType = sourcecode.swift; path = MainView.swift; sourceTree = "<group>"; };
		E853D6A92C7F570E00298CDA /* MoviesAPI.swift */ = {isa = PBXFileReference; lastKnownFileType = sourcecode.swift; path = MoviesAPI.swift; sourceTree = "<group>"; };
		E853D6AE2C7F779400298CDA /* FavoritesHandler.swift */ = {isa = PBXFileReference; lastKnownFileType = sourcecode.swift; path = FavoritesHandler.swift; sourceTree = "<group>"; };
		E853D6B02C7F79D500298CDA /* Movie+Hashable.swift */ = {isa = PBXFileReference; lastKnownFileType = sourcecode.swift; path = "Movie+Hashable.swift"; sourceTree = "<group>"; };
		E88147DC2C7DD532002443BA /* RemoveFocusOnTapModifier.swift */ = {isa = PBXFileReference; lastKnownFileType = sourcecode.swift; path = RemoveFocusOnTapModifier.swift; sourceTree = "<group>"; };
		E88147E02C7DF617002443BA /* NetworkManager.swift */ = {isa = PBXFileReference; lastKnownFileType = sourcecode.swift; path = NetworkManager.swift; sourceTree = "<group>"; };
		E88147E22C7DF7FD002443BA /* Category.swift */ = {isa = PBXFileReference; lastKnownFileType = sourcecode.swift; path = Category.swift; sourceTree = "<group>"; };
		E88147E42C7DF869002443BA /* NetworkError.swift */ = {isa = PBXFileReference; lastKnownFileType = sourcecode.swift; path = NetworkError.swift; sourceTree = "<group>"; };
		E88147E82C7DFE23002443BA /* FavoriteView.swift */ = {isa = PBXFileReference; lastKnownFileType = sourcecode.swift; path = FavoriteView.swift; sourceTree = "<group>"; };
		E88147EA2C7DFE46002443BA /* FavoriteCard.swift */ = {isa = PBXFileReference; lastKnownFileType = sourcecode.swift; path = FavoriteCard.swift; sourceTree = "<group>"; };
		E88147EC2C7DFE6A002443BA /* StarsRatingView.swift */ = {isa = PBXFileReference; lastKnownFileType = sourcecode.swift; path = StarsRatingView.swift; sourceTree = "<group>"; };
		E8FDE0F82C7783D800128E2A /* Peek-swiftUI.app */ = {isa = PBXFileReference; explicitFileType = wrapper.application; includeInIndex = 0; path = "Peek-swiftUI.app"; sourceTree = BUILT_PRODUCTS_DIR; };
		E8FDE0FB2C7783D800128E2A /* Peek_swiftUIApp.swift */ = {isa = PBXFileReference; lastKnownFileType = sourcecode.swift; path = Peek_swiftUIApp.swift; sourceTree = "<group>"; };
		E8FDE0FF2C7783DA00128E2A /* Assets.xcassets */ = {isa = PBXFileReference; lastKnownFileType = folder.assetcatalog; path = Assets.xcassets; sourceTree = "<group>"; };
		E8FDE1022C7783DA00128E2A /* Preview Assets.xcassets */ = {isa = PBXFileReference; lastKnownFileType = folder.assetcatalog; path = "Preview Assets.xcassets"; sourceTree = "<group>"; };
		E8FDE1092C77969100128E2A /* Info.plist */ = {isa = PBXFileReference; lastKnownFileType = text.plist; path = Info.plist; sourceTree = "<group>"; };
		E8FDE10A2C7797A000128E2A /* LaunchScreen.storyboard */ = {isa = PBXFileReference; lastKnownFileType = file.storyboard; path = LaunchScreen.storyboard; sourceTree = "<group>"; };
		E8FDE1332C7A3A3200128E2A /* WelcomeBackTopView.swift */ = {isa = PBXFileReference; lastKnownFileType = sourcecode.swift; path = WelcomeBackTopView.swift; sourceTree = "<group>"; };
		E8FDE1372C7A4AC900128E2A /* View+RemoveFocus.swift */ = {isa = PBXFileReference; lastKnownFileType = sourcecode.swift; path = "View+RemoveFocus.swift"; sourceTree = "<group>"; };
		E8FDE1392C7A4B4600128E2A /* SearchTextField.swift */ = {isa = PBXFileReference; lastKnownFileType = sourcecode.swift; path = SearchTextField.swift; sourceTree = "<group>"; };
		E8FDE13B2C7A4C6200128E2A /* MovieCard.swift */ = {isa = PBXFileReference; lastKnownFileType = sourcecode.swift; path = MovieCard.swift; sourceTree = "<group>"; };
		E8FDE1422C7B12AE00128E2A /* Movie.swift */ = {isa = PBXFileReference; lastKnownFileType = sourcecode.swift; path = Movie.swift; sourceTree = "<group>"; };
		E8FDE1442C7B133200128E2A /* Genre.swift */ = {isa = PBXFileReference; lastKnownFileType = sourcecode.swift; path = Genre.swift; sourceTree = "<group>"; };
		E8FDE1462C7B139B00128E2A /* CategoryListView.swift */ = {isa = PBXFileReference; lastKnownFileType = sourcecode.swift; path = CategoryListView.swift; sourceTree = "<group>"; };
		E8FDE1482C7B1A5C00128E2A /* Constants.swift */ = {isa = PBXFileReference; lastKnownFileType = sourcecode.swift; path = Constants.swift; sourceTree = "<group>"; };
		E8FDE14A2C7B1C7F00128E2A /* MoviesResponse.swift */ = {isa = PBXFileReference; lastKnownFileType = sourcecode.swift; path = MoviesResponse.swift; sourceTree = "<group>"; };
/* End PBXFileReference section */

/* Begin PBXFrameworksBuildPhase section */
		E8FDE0F52C7783D800128E2A /* Frameworks */ = {
			isa = PBXFrameworksBuildPhase;
			buildActionMask = 2147483647;
			files = (
			);
			runOnlyForDeploymentPostprocessing = 0;
		};
/* End PBXFrameworksBuildPhase section */

/* Begin PBXGroup section */
		E82593A82C7C73490020B8B3 /* MoviesTabBar */ = {
			isa = PBXGroup;
			children = (
				E82593A92C7C73680020B8B3 /* MoviesTabBar+SetupColors.swift */,
				E8303C592C7CDAAE005F8A2B /* MoviesTabBar.swift */,
			);
			path = MoviesTabBar;
			sourceTree = "<group>";
		};
		E853D6A82C7F546D00298CDA /* Network */ = {
			isa = PBXGroup;
			children = (
				E88147E42C7DF869002443BA /* NetworkError.swift */,
				E88147E02C7DF617002443BA /* NetworkManager.swift */,
				E853D6A92C7F570E00298CDA /* MoviesAPI.swift */,
			);
			path = Network;
			sourceTree = "<group>";
		};
		E853D6AD2C7F778500298CDA /* Handler */ = {
			isa = PBXGroup;
			children = (
				E853D6AE2C7F779400298CDA /* FavoritesHandler.swift */,
			);
			path = Handler;
			sourceTree = "<group>";
		};
		E88147DB2C7DD515002443BA /* ViewModifiers */ = {
			isa = PBXGroup;
			children = (
				E88147DC2C7DD532002443BA /* RemoveFocusOnTapModifier.swift */,
			);
			path = ViewModifiers;
			sourceTree = "<group>";
		};
		E88147DE2C7DDD68002443BA /* Utilites */ = {
			isa = PBXGroup;
			children = (
				E8FDE1482C7B1A5C00128E2A /* Constants.swift */,
				E8FDE13E2C7B11A500128E2A /* Extentions */,
				E88147DB2C7DD515002443BA /* ViewModifiers */,
			);
			path = Utilites;
			sourceTree = "<group>";
		};
		E88147DF2C7DDDBD002443BA /* Modules */ = {
			isa = PBXGroup;
			children = (
				E88147E62C7DFE0E002443BA /* FavoriteView */,
				E82593A82C7C73490020B8B3 /* MoviesTabBar */,
				E8FDE1322C7A3A1B00128E2A /* MainView */,
			);
			path = Modules;
			sourceTree = "<group>";
		};
		E88147E62C7DFE0E002443BA /* FavoriteView */ = {
			isa = PBXGroup;
			children = (
				E853D6AD2C7F778500298CDA /* Handler */,
				E88147E72C7DFE16002443BA /* views */,
			);
			path = FavoriteView;
			sourceTree = "<group>";
		};
		E88147E72C7DFE16002443BA /* views */ = {
			isa = PBXGroup;
			children = (
				E88147E82C7DFE23002443BA /* FavoriteView.swift */,
				E88147EA2C7DFE46002443BA /* FavoriteCard.swift */,
				E88147EC2C7DFE6A002443BA /* StarsRatingView.swift */,
			);
			path = views;
			sourceTree = "<group>";
		};
		E8FDE0EF2C7783D800128E2A = {
			isa = PBXGroup;
			children = (
				E8FDE0FA2C7783D800128E2A /* Peek-swiftUI */,
				E8FDE0F92C7783D800128E2A /* Products */,
			);
			sourceTree = "<group>";
		};
		E8FDE0F92C7783D800128E2A /* Products */ = {
			isa = PBXGroup;
			children = (
				E8FDE0F82C7783D800128E2A /* Peek-swiftUI.app */,
			);
			name = Products;
			sourceTree = "<group>";
		};
		E8FDE0FA2C7783D800128E2A /* Peek-swiftUI */ = {
			isa = PBXGroup;
			children = (
				E853D6A82C7F546D00298CDA /* Network */,
				E88147DF2C7DDDBD002443BA /* Modules */,
				E88147DE2C7DDD68002443BA /* Utilites */,
				E8FDE1412C7B12A200128E2A /* Models */,
				E8FDE1092C77969100128E2A /* Info.plist */,
				E8FDE0FB2C7783D800128E2A /* Peek_swiftUIApp.swift */,
				E8FDE0FF2C7783DA00128E2A /* Assets.xcassets */,
				E8FDE1012C7783DA00128E2A /* Preview Content */,
				E8FDE10A2C7797A000128E2A /* LaunchScreen.storyboard */,
			);
			path = "Peek-swiftUI";
			sourceTree = "<group>";
		};
		E8FDE1012C7783DA00128E2A /* Preview Content */ = {
			isa = PBXGroup;
			children = (
				E8FDE1022C7783DA00128E2A /* Preview Assets.xcassets */,
			);
			path = "Preview Content";
			sourceTree = "<group>";
		};
		E8FDE1322C7A3A1B00128E2A /* MainView */ = {
			isa = PBXGroup;
			children = (
				E8FDE13D2C7B118800128E2A /* Views */,
			);
			path = MainView;
			sourceTree = "<group>";
		};
		E8FDE13D2C7B118800128E2A /* Views */ = {
			isa = PBXGroup;
			children = (
				E8303C5B2C7CDAC5005F8A2B /* MainView.swift */,
				E8FDE13B2C7A4C6200128E2A /* MovieCard.swift */,
				E8FDE1392C7A4B4600128E2A /* SearchTextField.swift */,
				E8FDE1332C7A3A3200128E2A /* WelcomeBackTopView.swift */,
				E8FDE1462C7B139B00128E2A /* CategoryListView.swift */,
			);
			path = Views;
			sourceTree = "<group>";
		};
		E8FDE13E2C7B11A500128E2A /* Extentions */ = {
			isa = PBXGroup;
			children = (
				E8FDE1372C7A4AC900128E2A /* View+RemoveFocus.swift */,
			);
			path = Extentions;
			sourceTree = "<group>";
		};
		E8FDE1412C7B12A200128E2A /* Models */ = {
			isa = PBXGroup;
			children = (
				E8FDE1422C7B12AE00128E2A /* Movie.swift */,
				E853D6B02C7F79D500298CDA /* Movie+Hashable.swift */,
				E8FDE1442C7B133200128E2A /* Genre.swift */,
				E8FDE14A2C7B1C7F00128E2A /* MoviesResponse.swift */,
				E88147E22C7DF7FD002443BA /* Category.swift */,
			);
			path = Models;
			sourceTree = "<group>";
		};
/* End PBXGroup section */

/* Begin PBXNativeTarget section */
		E8FDE0F72C7783D800128E2A /* Peek-swiftUI */ = {
			isa = PBXNativeTarget;
			buildConfigurationList = E8FDE1062C7783DA00128E2A /* Build configuration list for PBXNativeTarget "Peek-swiftUI" */;
			buildPhases = (
				E8FDE0F42C7783D800128E2A /* Sources */,
				E8FDE0F52C7783D800128E2A /* Frameworks */,
				E8FDE0F62C7783D800128E2A /* Resources */,
			);
			buildRules = (
			);
			dependencies = (
			);
			name = "Peek-swiftUI";
			productName = "Peek-swiftUI";
			productReference = E8FDE0F82C7783D800128E2A /* Peek-swiftUI.app */;
			productType = "com.apple.product-type.application";
		};
/* End PBXNativeTarget section */

/* Begin PBXProject section */
		E8FDE0F02C7783D800128E2A /* Project object */ = {
			isa = PBXProject;
			attributes = {
				BuildIndependentTargetsInParallel = 1;
				LastSwiftUpdateCheck = 1540;
				LastUpgradeCheck = 1540;
				TargetAttributes = {
					E8FDE0F72C7783D800128E2A = {
						CreatedOnToolsVersion = 15.4;
					};
				};
			};
			buildConfigurationList = E8FDE0F32C7783D800128E2A /* Build configuration list for PBXProject "Peek-swiftUI" */;
			compatibilityVersion = "Xcode 14.0";
			developmentRegion = en;
			hasScannedForEncodings = 0;
			knownRegions = (
				en,
				Base,
			);
			mainGroup = E8FDE0EF2C7783D800128E2A;
			productRefGroup = E8FDE0F92C7783D800128E2A /* Products */;
			projectDirPath = "";
			projectRoot = "";
			targets = (
				E8FDE0F72C7783D800128E2A /* Peek-swiftUI */,
			);
		};
/* End PBXProject section */

/* Begin PBXResourcesBuildPhase section */
		E8FDE0F62C7783D800128E2A /* Resources */ = {
			isa = PBXResourcesBuildPhase;
			buildActionMask = 2147483647;
			files = (
				E8FDE10B2C7797A000128E2A /* LaunchScreen.storyboard in Resources */,
				E8FDE1032C7783DA00128E2A /* Preview Assets.xcassets in Resources */,
				E8FDE1002C7783DA00128E2A /* Assets.xcassets in Resources */,
			);
			runOnlyForDeploymentPostprocessing = 0;
		};
/* End PBXResourcesBuildPhase section */

/* Begin PBXSourcesBuildPhase section */
		E8FDE0F42C7783D800128E2A /* Sources */ = {
			isa = PBXSourcesBuildPhase;
			buildActionMask = 2147483647;
			files = (
				E8FDE1382C7A4AC900128E2A /* View+RemoveFocus.swift in Sources */,
				E8303C5C2C7CDAC5005F8A2B /* MainView.swift in Sources */,
				E8FDE14B2C7B1C7F00128E2A /* MoviesResponse.swift in Sources */,
				E8FDE1452C7B133200128E2A /* Genre.swift in Sources */,
				E88147E12C7DF617002443BA /* NetworkManager.swift in Sources */,
				E8FDE1432C7B12AE00128E2A /* Movie.swift in Sources */,
				E8FDE1472C7B139B00128E2A /* CategoryListView.swift in Sources */,
				E88147DD2C7DD532002443BA /* RemoveFocusOnTapModifier.swift in Sources */,
				E88147EB2C7DFE46002443BA /* FavoriteCard.swift in Sources */,
				E8FDE1492C7B1A5C00128E2A /* Constants.swift in Sources */,
				E88147E92C7DFE23002443BA /* FavoriteView.swift in Sources */,
				E8FDE1342C7A3A3200128E2A /* WelcomeBackTopView.swift in Sources */,
				E853D6B12C7F79D500298CDA /* Movie+Hashable.swift in Sources */,
				E88147E32C7DF7FD002443BA /* Category.swift in Sources */,
				E8FDE0FC2C7783D800128E2A /* Peek_swiftUIApp.swift in Sources */,
				E853D6AA2C7F570E00298CDA /* MoviesAPI.swift in Sources */,
				E8303C5A2C7CDAAE005F8A2B /* MoviesTabBar.swift in Sources */,
				E853D6AF2C7F779400298CDA /* FavoritesHandler.swift in Sources */,
				E88147ED2C7DFE6A002443BA /* StarsRatingView.swift in Sources */,
				E8FDE13A2C7A4B4600128E2A /* SearchTextField.swift in Sources */,
				E88147E52C7DF869002443BA /* NetworkError.swift in Sources */,
				E8FDE13C2C7A4C6200128E2A /* MovieCard.swift in Sources */,
				E82593AA2C7C73680020B8B3 /* MoviesTabBar+SetupColors.swift in Sources */,
			);
			runOnlyForDeploymentPostprocessing = 0;
		};
/* End PBXSourcesBuildPhase section */

/* Begin XCBuildConfiguration section */
		E8FDE1042C7783DA00128E2A /* Debug */ = {
			isa = XCBuildConfiguration;
			buildSettings = {
				ALWAYS_SEARCH_USER_PATHS = NO;
				ASSETCATALOG_COMPILER_GENERATE_SWIFT_ASSET_SYMBOL_EXTENSIONS = YES;
				CLANG_ANALYZER_NONNULL = YES;
				CLANG_ANALYZER_NUMBER_OBJECT_CONVERSION = YES_AGGRESSIVE;
				CLANG_CXX_LANGUAGE_STANDARD = "gnu++20";
				CLANG_ENABLE_MODULES = YES;
				CLANG_ENABLE_OBJC_ARC = YES;
				CLANG_ENABLE_OBJC_WEAK = YES;
				CLANG_WARN_BLOCK_CAPTURE_AUTORELEASING = YES;
				CLANG_WARN_BOOL_CONVERSION = YES;
				CLANG_WARN_COMMA = YES;
				CLANG_WARN_CONSTANT_CONVERSION = YES;
				CLANG_WARN_DEPRECATED_OBJC_IMPLEMENTATIONS = YES;
				CLANG_WARN_DIRECT_OBJC_ISA_USAGE = YES_ERROR;
				CLANG_WARN_DOCUMENTATION_COMMENTS = YES;
				CLANG_WARN_EMPTY_BODY = YES;
				CLANG_WARN_ENUM_CONVERSION = YES;
				CLANG_WARN_INFINITE_RECURSION = YES;
				CLANG_WARN_INT_CONVERSION = YES;
				CLANG_WARN_NON_LITERAL_NULL_CONVERSION = YES;
				CLANG_WARN_OBJC_IMPLICIT_RETAIN_SELF = YES;
				CLANG_WARN_OBJC_LITERAL_CONVERSION = YES;
				CLANG_WARN_OBJC_ROOT_CLASS = YES_ERROR;
				CLANG_WARN_QUOTED_INCLUDE_IN_FRAMEWORK_HEADER = YES;
				CLANG_WARN_RANGE_LOOP_ANALYSIS = YES;
				CLANG_WARN_STRICT_PROTOTYPES = YES;
				CLANG_WARN_SUSPICIOUS_MOVE = YES;
				CLANG_WARN_UNGUARDED_AVAILABILITY = YES_AGGRESSIVE;
				CLANG_WARN_UNREACHABLE_CODE = YES;
				CLANG_WARN__DUPLICATE_METHOD_MATCH = YES;
				COPY_PHASE_STRIP = NO;
				DEBUG_INFORMATION_FORMAT = dwarf;
				ENABLE_STRICT_OBJC_MSGSEND = YES;
				ENABLE_TESTABILITY = YES;
				ENABLE_USER_SCRIPT_SANDBOXING = YES;
				GCC_C_LANGUAGE_STANDARD = gnu17;
				GCC_DYNAMIC_NO_PIC = NO;
				GCC_NO_COMMON_BLOCKS = YES;
				GCC_OPTIMIZATION_LEVEL = 0;
				GCC_PREPROCESSOR_DEFINITIONS = (
					"DEBUG=1",
					"$(inherited)",
				);
				GCC_WARN_64_TO_32_BIT_CONVERSION = YES;
				GCC_WARN_ABOUT_RETURN_TYPE = YES_ERROR;
				GCC_WARN_UNDECLARED_SELECTOR = YES;
				GCC_WARN_UNINITIALIZED_AUTOS = YES_AGGRESSIVE;
				GCC_WARN_UNUSED_FUNCTION = YES;
				GCC_WARN_UNUSED_VARIABLE = YES;
				IPHONEOS_DEPLOYMENT_TARGET = 17.5;
				LOCALIZATION_PREFERS_STRING_CATALOGS = YES;
				MTL_ENABLE_DEBUG_INFO = INCLUDE_SOURCE;
				MTL_FAST_MATH = YES;
				ONLY_ACTIVE_ARCH = YES;
				SDKROOT = iphoneos;
				SWIFT_ACTIVE_COMPILATION_CONDITIONS = "DEBUG $(inherited)";
				SWIFT_OPTIMIZATION_LEVEL = "-Onone";
			};
			name = Debug;
		};
		E8FDE1052C7783DA00128E2A /* Release */ = {
			isa = XCBuildConfiguration;
			buildSettings = {
				ALWAYS_SEARCH_USER_PATHS = NO;
				ASSETCATALOG_COMPILER_GENERATE_SWIFT_ASSET_SYMBOL_EXTENSIONS = YES;
				CLANG_ANALYZER_NONNULL = YES;
				CLANG_ANALYZER_NUMBER_OBJECT_CONVERSION = YES_AGGRESSIVE;
				CLANG_CXX_LANGUAGE_STANDARD = "gnu++20";
				CLANG_ENABLE_MODULES = YES;
				CLANG_ENABLE_OBJC_ARC = YES;
				CLANG_ENABLE_OBJC_WEAK = YES;
				CLANG_WARN_BLOCK_CAPTURE_AUTORELEASING = YES;
				CLANG_WARN_BOOL_CONVERSION = YES;
				CLANG_WARN_COMMA = YES;
				CLANG_WARN_CONSTANT_CONVERSION = YES;
				CLANG_WARN_DEPRECATED_OBJC_IMPLEMENTATIONS = YES;
				CLANG_WARN_DIRECT_OBJC_ISA_USAGE = YES_ERROR;
				CLANG_WARN_DOCUMENTATION_COMMENTS = YES;
				CLANG_WARN_EMPTY_BODY = YES;
				CLANG_WARN_ENUM_CONVERSION = YES;
				CLANG_WARN_INFINITE_RECURSION = YES;
				CLANG_WARN_INT_CONVERSION = YES;
				CLANG_WARN_NON_LITERAL_NULL_CONVERSION = YES;
				CLANG_WARN_OBJC_IMPLICIT_RETAIN_SELF = YES;
				CLANG_WARN_OBJC_LITERAL_CONVERSION = YES;
				CLANG_WARN_OBJC_ROOT_CLASS = YES_ERROR;
				CLANG_WARN_QUOTED_INCLUDE_IN_FRAMEWORK_HEADER = YES;
				CLANG_WARN_RANGE_LOOP_ANALYSIS = YES;
				CLANG_WARN_STRICT_PROTOTYPES = YES;
				CLANG_WARN_SUSPICIOUS_MOVE = YES;
				CLANG_WARN_UNGUARDED_AVAILABILITY = YES_AGGRESSIVE;
				CLANG_WARN_UNREACHABLE_CODE = YES;
				CLANG_WARN__DUPLICATE_METHOD_MATCH = YES;
				COPY_PHASE_STRIP = NO;
				DEBUG_INFORMATION_FORMAT = "dwarf-with-dsym";
				ENABLE_NS_ASSERTIONS = NO;
				ENABLE_STRICT_OBJC_MSGSEND = YES;
				ENABLE_USER_SCRIPT_SANDBOXING = YES;
				GCC_C_LANGUAGE_STANDARD = gnu17;
				GCC_NO_COMMON_BLOCKS = YES;
				GCC_WARN_64_TO_32_BIT_CONVERSION = YES;
				GCC_WARN_ABOUT_RETURN_TYPE = YES_ERROR;
				GCC_WARN_UNDECLARED_SELECTOR = YES;
				GCC_WARN_UNINITIALIZED_AUTOS = YES_AGGRESSIVE;
				GCC_WARN_UNUSED_FUNCTION = YES;
				GCC_WARN_UNUSED_VARIABLE = YES;
				IPHONEOS_DEPLOYMENT_TARGET = 17.5;
				LOCALIZATION_PREFERS_STRING_CATALOGS = YES;
				MTL_ENABLE_DEBUG_INFO = NO;
				MTL_FAST_MATH = YES;
				SDKROOT = iphoneos;
				SWIFT_COMPILATION_MODE = wholemodule;
				VALIDATE_PRODUCT = YES;
			};
			name = Release;
		};
		E8FDE1072C7783DA00128E2A /* Debug */ = {
			isa = XCBuildConfiguration;
			buildSettings = {
				ASSETCATALOG_COMPILER_APPICON_NAME = AppIcon;
				ASSETCATALOG_COMPILER_GLOBAL_ACCENT_COLOR_NAME = AccentColor;
				ASSETCATALOG_COMPILER_INCLUDE_ALL_APPICON_ASSETS = NO;
				CODE_SIGN_STYLE = Automatic;
				CURRENT_PROJECT_VERSION = 1;
				DEVELOPMENT_ASSET_PATHS = "\"Peek-swiftUI/Preview Content\"";
				DEVELOPMENT_TEAM = YX66ZU7AY8;
				ENABLE_PREVIEWS = YES;
				GENERATE_INFOPLIST_FILE = YES;
				INFOPLIST_FILE = "Peek-swiftUI/Info.plist";
				INFOPLIST_KEY_CFBundleDisplayName = Peek;
				INFOPLIST_KEY_UIApplicationSceneManifest_Generation = YES;
				INFOPLIST_KEY_UIApplicationSupportsIndirectInputEvents = YES;
				INFOPLIST_KEY_UILaunchStoryboardName = LaunchScreen.storyboard;
				INFOPLIST_KEY_UISupportedInterfaceOrientations = UIInterfaceOrientationPortrait;
				INFOPLIST_KEY_UISupportedInterfaceOrientations_iPad = "UIInterfaceOrientationLandscapeLeft UIInterfaceOrientationLandscapeRight UIInterfaceOrientationPortrait UIInterfaceOrientationPortraitUpsideDown";
				IPHONEOS_DEPLOYMENT_TARGET = 16.0;
				LD_RUNPATH_SEARCH_PATHS = (
					"$(inherited)",
					"@executable_path/Frameworks",
				);
				MARKETING_VERSION = 1.0;
				PRODUCT_BUNDLE_IDENTIFIER = "com.mazen.Peek-swiftUI";
				PRODUCT_NAME = "$(TARGET_NAME)";
				SWIFT_EMIT_LOC_STRINGS = YES;
				SWIFT_VERSION = 5.0;
				TARGETED_DEVICE_FAMILY = "1,2";
			};
			name = Debug;
		};
		E8FDE1082C7783DA00128E2A /* Release */ = {
			isa = XCBuildConfiguration;
			buildSettings = {
				ASSETCATALOG_COMPILER_APPICON_NAME = AppIcon;
				ASSETCATALOG_COMPILER_GLOBAL_ACCENT_COLOR_NAME = AccentColor;
				ASSETCATALOG_COMPILER_INCLUDE_ALL_APPICON_ASSETS = NO;
				CODE_SIGN_STYLE = Automatic;
				CURRENT_PROJECT_VERSION = 1;
				DEVELOPMENT_ASSET_PATHS = "\"Peek-swiftUI/Preview Content\"";
				DEVELOPMENT_TEAM = YX66ZU7AY8;
				ENABLE_PREVIEWS = YES;
				GENERATE_INFOPLIST_FILE = YES;
				INFOPLIST_FILE = "Peek-swiftUI/Info.plist";
				INFOPLIST_KEY_CFBundleDisplayName = Peek;
				INFOPLIST_KEY_UIApplicationSceneManifest_Generation = YES;
				INFOPLIST_KEY_UIApplicationSupportsIndirectInputEvents = YES;
				INFOPLIST_KEY_UILaunchStoryboardName = LaunchScreen.storyboard;
				INFOPLIST_KEY_UISupportedInterfaceOrientations = UIInterfaceOrientationPortrait;
				INFOPLIST_KEY_UISupportedInterfaceOrientations_iPad = "UIInterfaceOrientationLandscapeLeft UIInterfaceOrientationLandscapeRight UIInterfaceOrientationPortrait UIInterfaceOrientationPortraitUpsideDown";
				IPHONEOS_DEPLOYMENT_TARGET = 16.0;
				LD_RUNPATH_SEARCH_PATHS = (
					"$(inherited)",
					"@executable_path/Frameworks",
				);
				MARKETING_VERSION = 1.0;
				PRODUCT_BUNDLE_IDENTIFIER = "com.mazen.Peek-swiftUI";
				PRODUCT_NAME = "$(TARGET_NAME)";
				SWIFT_EMIT_LOC_STRINGS = YES;
				SWIFT_VERSION = 5.0;
				TARGETED_DEVICE_FAMILY = "1,2";
			};
			name = Release;
		};
/* End XCBuildConfiguration section */

/* Begin XCConfigurationList section */
		E8FDE0F32C7783D800128E2A /* Build configuration list for PBXProject "Peek-swiftUI" */ = {
			isa = XCConfigurationList;
			buildConfigurations = (
				E8FDE1042C7783DA00128E2A /* Debug */,
				E8FDE1052C7783DA00128E2A /* Release */,
			);
			defaultConfigurationIsVisible = 0;
			defaultConfigurationName = Release;
		};
		E8FDE1062C7783DA00128E2A /* Build configuration list for PBXNativeTarget "Peek-swiftUI" */ = {
			isa = XCConfigurationList;
			buildConfigurations = (
				E8FDE1072C7783DA00128E2A /* Debug */,
				E8FDE1082C7783DA00128E2A /* Release */,
			);
			defaultConfigurationIsVisible = 0;
			defaultConfigurationName = Release;
		};
/* End XCConfigurationList section */
	};
	rootObject = E8FDE0F02C7783D800128E2A /* Project object */;
}
